
Microsoft Visual Studio Solution File, Format Version 12.00
# Visual Studio Version 17
VisualStudioVersion = 17.3.32922.545
MinimumVisualStudioVersion = 10.0.40219.1
Project("{FAE04EC0-301F-11D3-BF4B-00C04F79EFBC}") = "Complex", "Complex\Complex.csproj", "{0F741478-4F81-4675-9E52-6B632C7BD078}"
EndProject
Global
	GlobalSection(SolutionConfigurationPlatforms) = preSolution
		Debug|Any CPU = Debug|Any CPU
		Release|Any CPU = Release|Any CPU
	EndGlobalSection
	GlobalSection(ProjectConfigurationPlatforms) = postSolution
		{0F741478-4F81-4675-9E52-6B632C7BD078}.Debug|Any CPU.ActiveCfg = Debug|Any CPU
		{0F741478-4F81-4675-9E52-6B632C7BD078}.Debug|Any CPU.Build.0 = Debug|Any CPU
		{0F741478-4F81-4675-9E52-6B632C7BD078}.Release|Any CPU.ActiveCfg = Release|Any CPU
		{0F741478-4F81-4675-9E52-6B632C7BD078}.Release|Any CPU.Build.0 = Release|Any CPU
	EndGlobalSection
	GlobalSection(SolutionProperties) = preSolution
		HideSolutionNode = FALSE
	EndGlobalSection
	GlobalSection(ExtensibilityGlobals) = postSolution
		SolutionGuid = {C4660B64-565C-41D2-93E8-9D7DBEFDB921}
	EndGlobalSection
EndGlobal
